{
  "requires": true,
  "lockfileVersion": 1,
  "dependencies": {
    "react-feather": {
      "version": "1.1.1",
      "resolved": "https://registry.npmjs.org/react-feather/-/react-feather-1.1.1.tgz",
      "integrity": "sha512-bF147qQQfFHki5RSOOhKQ1V7e30tW7xT5zd0x72KfyWi9iErzH1cM5FpqkGz5xylMbBsbzfv/AuwGp95TQwumA=="
    }
  }
}
